
Microsoft Visual Studio Solution File, Format Version 12.00
# Visual Studio Version 17
VisualStudioVersion = 17.13.35806.99 d17.13
MinimumVisualStudioVersion = 10.0.40219.1
Project("{FAE04EC0-301F-11D3-BF4B-00C04F79EFBC}") = "Nikitalab 1.3", "Nikitalab 1.3.csproj", "{5840EEDF-508F-4A52-B7E3-6C3E1C25E3AD}"
EndProject
Project("{FAE04EC0-301F-11D3-BF4B-00C04F79EFBC}") = "Nikitalab 1.3Tests", "..\Nikitalab 1.3Tests\Nikitalab 1.3Tests.csproj", "{71D13682-B1DE-4DDB-A5BF-4DD417877A27}"
EndProject
Global
	GlobalSection(SolutionConfigurationPlatforms) = preSolution
		Debug|Any CPU = Debug|Any CPU
		Release|Any CPU = Release|Any CPU
	EndGlobalSection
	GlobalSection(ProjectConfigurationPlatforms) = postSolution
		{5840EEDF-508F-4A52-B7E3-6C3E1C25E3AD}.Debug|Any CPU.ActiveCfg = Debug|Any CPU
		{5840EEDF-508F-4A52-B7E3-6C3E1C25E3AD}.Debug|Any CPU.Build.0 = Debug|Any CPU
		{5840EEDF-508F-4A52-B7E3-6C3E1C25E3AD}.Release|Any CPU.ActiveCfg = Release|Any CPU
		{5840EEDF-508F-4A52-B7E3-6C3E1C25E3AD}.Release|Any CPU.Build.0 = Release|Any CPU
		{71D13682-B1DE-4DDB-A5BF-4DD417877A27}.Debug|Any CPU.ActiveCfg = Debug|Any CPU
		{71D13682-B1DE-4DDB-A5BF-4DD417877A27}.Debug|Any CPU.Build.0 = Debug|Any CPU
		{71D13682-B1DE-4DDB-A5BF-4DD417877A27}.Release|Any CPU.ActiveCfg = Release|Any CPU
		{71D13682-B1DE-4DDB-A5BF-4DD417877A27}.Release|Any CPU.Build.0 = Release|Any CPU
	EndGlobalSection
	GlobalSection(SolutionProperties) = preSolution
		HideSolutionNode = FALSE
	EndGlobalSection
	GlobalSection(ExtensibilityGlobals) = postSolution
		SolutionGuid = {B21B63B5-6CC2-45EF-9D22-3144DECBE5B5}
	EndGlobalSection
EndGlobal
