
Microsoft Visual Studio Solution File, Format Version 12.00
# Visual Studio Version 17
VisualStudioVersion = 17.13.35806.99 d17.13
MinimumVisualStudioVersion = 10.0.40219.1
Project("{FAE04EC0-301F-11D3-BF4B-00C04F79EFBC}") = "NikitaLab1.2", "NikitaLab1.2.csproj", "{EEC54E5C-99AB-4B1F-ACBB-1F200E0FDA17}"
EndProject
Project("{FAE04EC0-301F-11D3-BF4B-00C04F79EFBC}") = "NikitaLab1.2Tests", "..\NikitaLab1.2Tests\NikitaLab1.2Tests.csproj", "{982D5661-5159-4EB1-8019-DD470FF4598F}"
EndProject
Global
	GlobalSection(SolutionConfigurationPlatforms) = preSolution
		Debug|Any CPU = Debug|Any CPU
		Release|Any CPU = Release|Any CPU
	EndGlobalSection
	GlobalSection(ProjectConfigurationPlatforms) = postSolution
		{EEC54E5C-99AB-4B1F-ACBB-1F200E0FDA17}.Debug|Any CPU.ActiveCfg = Debug|Any CPU
		{EEC54E5C-99AB-4B1F-ACBB-1F200E0FDA17}.Debug|Any CPU.Build.0 = Debug|Any CPU
		{EEC54E5C-99AB-4B1F-ACBB-1F200E0FDA17}.Release|Any CPU.ActiveCfg = Release|Any CPU
		{EEC54E5C-99AB-4B1F-ACBB-1F200E0FDA17}.Release|Any CPU.Build.0 = Release|Any CPU
		{982D5661-5159-4EB1-8019-DD470FF4598F}.Debug|Any CPU.ActiveCfg = Debug|Any CPU
		{982D5661-5159-4EB1-8019-DD470FF4598F}.Debug|Any CPU.Build.0 = Debug|Any CPU
		{982D5661-5159-4EB1-8019-DD470FF4598F}.Release|Any CPU.ActiveCfg = Release|Any CPU
		{982D5661-5159-4EB1-8019-DD470FF4598F}.Release|Any CPU.Build.0 = Release|Any CPU
	EndGlobalSection
	GlobalSection(SolutionProperties) = preSolution
		HideSolutionNode = FALSE
	EndGlobalSection
	GlobalSection(ExtensibilityGlobals) = postSolution
		SolutionGuid = {5E9216FE-9913-43B3-90F4-10AEAA1DADA1}
	EndGlobalSection
EndGlobal
